
Microsoft Visual Studio Solution File, Format Version 12.00
# Visual Studio Version 16
VisualStudioVersion = 16.0.808.8
MinimumVisualStudioVersion = 10.0.40219.1
Project("{FAE04EC0-301F-11D3-BF4B-00C04F79EFBC}") = "Assignment10", "Assignment10\Assignment10.csproj", "{C2E31ECF-45C7-40AF-8E1D-2A1F532D55FD}"
EndProject
Global
	GlobalSection(SolutionConfigurationPlatforms) = preSolution
		Debug|Any CPU = Debug|Any CPU
		Release|Any CPU = Release|Any CPU
	EndGlobalSection
	GlobalSection(ProjectConfigurationPlatforms) = postSolution
		{C2E31ECF-45C7-40AF-8E1D-2A1F532D55FD}.Debug|Any CPU.ActiveCfg = Debug|Any CPU
		{C2E31ECF-45C7-40AF-8E1D-2A1F532D55FD}.Debug|Any CPU.Build.0 = Debug|Any CPU
		{C2E31ECF-45C7-40AF-8E1D-2A1F532D55FD}.Release|Any CPU.ActiveCfg = Release|Any CPU
		{C2E31ECF-45C7-40AF-8E1D-2A1F532D55FD}.Release|Any CPU.Build.0 = Release|Any CPU
	EndGlobalSection
	GlobalSection(SolutionProperties) = preSolution
		HideSolutionNode = FALSE
	EndGlobalSection
	GlobalSection(ExtensibilityGlobals) = postSolution
		SolutionGuid = {E0C5D4D9-DB07-4E19-BC70-5B4DB5FD4F3C}
	EndGlobalSection
EndGlobal
